
Microsoft Visual Studio Solution File, Format Version 12.00
# Visual Studio Version 17
VisualStudioVersion = 17.5.33414.496
MinimumVisualStudioVersion = 10.0.40219.1
Project("{FAE04EC0-301F-11D3-BF4B-00C04F79EFBC}") = "Thi62CNTT12_62130690", "Thi62CNTT12_62130690\Thi62CNTT12_62130690.csproj", "{34211051-2376-4B92-BA51-23DCAAE64350}"
EndProject
Global
	GlobalSection(SolutionConfigurationPlatforms) = preSolution
		Debug|Any CPU = Debug|Any CPU
		Release|Any CPU = Release|Any CPU
	EndGlobalSection
	GlobalSection(ProjectConfigurationPlatforms) = postSolution
		{34211051-2376-4B92-BA51-23DCAAE64350}.Debug|Any CPU.ActiveCfg = Debug|Any CPU
		{34211051-2376-4B92-BA51-23DCAAE64350}.Debug|Any CPU.Build.0 = Debug|Any CPU
		{34211051-2376-4B92-BA51-23DCAAE64350}.Release|Any CPU.ActiveCfg = Release|Any CPU
		{34211051-2376-4B92-BA51-23DCAAE64350}.Release|Any CPU.Build.0 = Release|Any CPU
	EndGlobalSection
	GlobalSection(SolutionProperties) = preSolution
		HideSolutionNode = FALSE
	EndGlobalSection
	GlobalSection(ExtensibilityGlobals) = postSolution
		SolutionGuid = {8AD64E5B-6A7B-4468-95F8-F946914301A7}
	EndGlobalSection
EndGlobal
